github.com/google/uuid v1.6.0 h1:NIvaJDMOsjHA8n1jAhLSgzrAzy1Hgr+hNrb57e+94F0=
github.com/google/uuid v1.6.0/go.mod h1:TIyPZe4MgqvfeYDBFedMoGGpEw/LqOeaOT+nhxU+yHo=
github.com/joho/godotenv v1.5.1 h1:7eLL/+HRGLY0ldzfGMeQkb7vMd0as4CfYvUVzLqw0N0=
github.com/joho/godotenv v1.5.1/go.mod h1:f4LDr5Voq0i2e/R5DDNOoa2zzDfwtkZa6DnEwAbqwq4=
github.com/ncostamagna/go-http-utils v0.0.5 h1:gAAXvZrVCq7cAwUBHeKIvbL5n0WD6VFgs6LEc9LLXiM=
github.com/ncostamagna/go-http-utils v0.0.5/go.mod h1:Z4K2K6AKrjSp8LAnDfi/HMfsfK1+fMQ6mxeBK9Kgmxw=
github.com/ncostamagna/matrix v1.0.1 h1:qYjMEcnf5tQ3huVxczQKUd8VSA2FBLIJKSrOqxuK3GI=
github.com/ncostamagna/matrix v1.0.1/go.mod h1:yGDX+TzSVCGVfAriQiacD90ZhN1fopfTXjYSZYxk+54=
